
Microsoft Visual Studio Solution File, Format Version 12.00
# Visual Studio Version 17
VisualStudioVersion = 17.0.31903.59
MinimumVisualStudioVersion = 10.0.40219.1
Project("{2150E333-8FDC-42A3-9474-1A3956D46DE8}") = "src", "src", "{827E0CD3-B72D-47B6-A68D-7590B98EB39B}"
EndProject
Project("{FAE04EC0-301F-11D3-BF4B-00C04F79EFBC}") = "DiTunnel.Core", "src\DiTunnel.Core\DiTunnel.Core.csproj", "{608631AC-D268-4D48-B74F-0F85921D1AD0}"
EndProject
Project("{FAE04EC0-301F-11D3-BF4B-00C04F79EFBC}") = "DiTunnel.Infrastructure.Xray", "src\DiTunnel.Infrastructure.Xray\DiTunnel.Infrastructure.Xray.csproj", "{F27AA889-DEB7-428B-9496-9B54C0928021}"
EndProject
Project("{FAE04EC0-301F-11D3-BF4B-00C04F79EFBC}") = "DiTunnel.App", "src\DiTunnel.App\DiTunnel.App.csproj", "{D85D562B-19A7-41C9-BF30-D4D4418BFAE6}"
EndProject
Project("{2150E333-8FDC-42A3-9474-1A3956D46DE8}") = "tests", "tests", "{0AB3BF05-4346-4AA6-1389-037BE0695223}"
EndProject
Project("{FAE04EC0-301F-11D3-BF4B-00C04F79EFBC}") = "DiTunnel.Core.Tests", "tests\DiTunnel.Core.Tests\DiTunnel.Core.Tests.csproj", "{9F79DAAD-A6AA-4FBE-9424-9A30519AACBB}"
EndProject
Project("{FAE04EC0-301F-11D3-BF4B-00C04F79EFBC}") = "DiTunnel.Platform.Windows", "src\DiTunnel.Platform.Windows\DiTunnel.Platform.Windows.csproj", "{7F69328C-19A5-4199-9505-281A7144EC8E}"
EndProject
Project("{FAE04EC0-301F-11D3-BF4B-00C04F79EFBC}") = "DiTunnel.Desktop", "src\DiTunnel.Desktop\DiTunnel.Desktop.csproj", "{79F010BD-D6A9-43E1-971D-9633DB24A4CA}"
EndProject
Project("{FAE04EC0-301F-11D3-BF4B-00C04F79EFBC}") = "DiTunnel.Infrastructure.Xray.Tests", "tests\DiTunnel.Infrastructure.Xray.Tests\DiTunnel.Infrastructure.Xray.Tests.csproj", "{3C6FF550-4AB5-42FE-882D-2485DCF2998B}"
EndProject
Project("{FAE04EC0-301F-11D3-BF4B-00C04F79EFBC}") = "DiTunnel.App.Tests", "tests\DiTunnel.App.Tests\DiTunnel.App.Tests.csproj", "{1849D016-63A9-4192-9BB5-01C012D9047D}"
EndProject
Global
	GlobalSection(SolutionConfigurationPlatforms) = preSolution
		Debug|Any CPU = Debug|Any CPU
		Debug|x64 = Debug|x64
		Debug|x86 = Debug|x86
		Release|Any CPU = Release|Any CPU
		Release|x64 = Release|x64
		Release|x86 = Release|x86
	EndGlobalSection
	GlobalSection(ProjectConfigurationPlatforms) = postSolution
		{608631AC-D268-4D48-B74F-0F85921D1AD0}.Debug|Any CPU.ActiveCfg = Debug|Any CPU
		{608631AC-D268-4D48-B74F-0F85921D1AD0}.Debug|Any CPU.Build.0 = Debug|Any CPU
		{608631AC-D268-4D48-B74F-0F85921D1AD0}.Debug|x64.ActiveCfg = Debug|Any CPU
		{608631AC-D268-4D48-B74F-0F85921D1AD0}.Debug|x64.Build.0 = Debug|Any CPU
		{608631AC-D268-4D48-B74F-0F85921D1AD0}.Debug|x86.ActiveCfg = Debug|Any CPU
		{608631AC-D268-4D48-B74F-0F85921D1AD0}.Debug|x86.Build.0 = Debug|Any CPU
		{608631AC-D268-4D48-B74F-0F85921D1AD0}.Release|Any CPU.ActiveCfg = Release|Any CPU
		{608631AC-D268-4D48-B74F-0F85921D1AD0}.Release|Any CPU.Build.0 = Release|Any CPU
		{608631AC-D268-4D48-B74F-0F85921D1AD0}.Release|x64.ActiveCfg = Release|Any CPU
		{608631AC-D268-4D48-B74F-0F85921D1AD0}.Release|x64.Build.0 = Release|Any CPU
		{608631AC-D268-4D48-B74F-0F85921D1AD0}.Release|x86.ActiveCfg = Release|Any CPU
		{608631AC-D268-4D48-B74F-0F85921D1AD0}.Release|x86.Build.0 = Release|Any CPU
		{F27AA889-DEB7-428B-9496-9B54C0928021}.Debug|Any CPU.ActiveCfg = Debug|Any CPU
		{F27AA889-DEB7-428B-9496-9B54C0928021}.Debug|Any CPU.Build.0 = Debug|Any CPU
		{F27AA889-DEB7-428B-9496-9B54C0928021}.Debug|x64.ActiveCfg = Debug|Any CPU
		{F27AA889-DEB7-428B-9496-9B54C0928021}.Debug|x64.Build.0 = Debug|Any CPU
		{F27AA889-DEB7-428B-9496-9B54C0928021}.Debug|x86.ActiveCfg = Debug|Any CPU
		{F27AA889-DEB7-428B-9496-9B54C0928021}.Debug|x86.Build.0 = Debug|Any CPU
		{F27AA889-DEB7-428B-9496-9B54C0928021}.Release|Any CPU.ActiveCfg = Release|Any CPU
		{F27AA889-DEB7-428B-9496-9B54C0928021}.Release|Any CPU.Build.0 = Release|Any CPU
		{F27AA889-DEB7-428B-9496-9B54C0928021}.Release|x64.ActiveCfg = Release|Any CPU
		{F27AA889-DEB7-428B-9496-9B54C0928021}.Release|x64.Build.0 = Release|Any CPU
		{F27AA889-DEB7-428B-9496-9B54C0928021}.Release|x86.ActiveCfg = Release|Any CPU
		{F27AA889-DEB7-428B-9496-9B54C0928021}.Release|x86.Build.0 = Release|Any CPU
		{D85D562B-19A7-41C9-BF30-D4D4418BFAE6}.Debug|Any CPU.ActiveCfg = Debug|Any CPU
		{D85D562B-19A7-41C9-BF30-D4D4418BFAE6}.Debug|Any CPU.Build.0 = Debug|Any CPU
		{D85D562B-19A7-41C9-BF30-D4D4418BFAE6}.Debug|x64.ActiveCfg = Debug|Any CPU
		{D85D562B-19A7-41C9-BF30-D4D4418BFAE6}.Debug|x64.Build.0 = Debug|Any CPU
		{D85D562B-19A7-41C9-BF30-D4D4418BFAE6}.Debug|x86.ActiveCfg = Debug|Any CPU
		{D85D562B-19A7-41C9-BF30-D4D4418BFAE6}.Debug|x86.Build.0 = Debug|Any CPU
		{D85D562B-19A7-41C9-BF30-D4D4418BFAE6}.Release|Any CPU.ActiveCfg = Release|Any CPU
		{D85D562B-19A7-41C9-BF30-D4D4418BFAE6}.Release|Any CPU.Build.0 = Release|Any CPU
		{D85D562B-19A7-41C9-BF30-D4D4418BFAE6}.Release|x64.ActiveCfg = Release|Any CPU
		{D85D562B-19A7-41C9-BF30-D4D4418BFAE6}.Release|x64.Build.0 = Release|Any CPU
		{D85D562B-19A7-41C9-BF30-D4D4418BFAE6}.Release|x86.ActiveCfg = Release|Any CPU
		{D85D562B-19A7-41C9-BF30-D4D4418BFAE6}.Release|x86.Build.0 = Release|Any CPU
		{9F79DAAD-A6AA-4FBE-9424-9A30519AACBB}.Debug|Any CPU.ActiveCfg = Debug|Any CPU
		{9F79DAAD-A6AA-4FBE-9424-9A30519AACBB}.Debug|Any CPU.Build.0 = Debug|Any CPU
		{9F79DAAD-A6AA-4FBE-9424-9A30519AACBB}.Debug|x64.ActiveCfg = Debug|Any CPU
		{9F79DAAD-A6AA-4FBE-9424-9A30519AACBB}.Debug|x64.Build.0 = Debug|Any CPU
		{9F79DAAD-A6AA-4FBE-9424-9A30519AACBB}.Debug|x86.ActiveCfg = Debug|Any CPU
		{9F79DAAD-A6AA-4FBE-9424-9A30519AACBB}.Debug|x86.Build.0 = Debug|Any CPU
		{9F79DAAD-A6AA-4FBE-9424-9A30519AACBB}.Release|Any CPU.ActiveCfg = Release|Any CPU
		{9F79DAAD-A6AA-4FBE-9424-9A30519AACBB}.Release|Any CPU.Build.0 = Release|Any CPU
		{9F79DAAD-A6AA-4FBE-9424-9A30519AACBB}.Release|x64.ActiveCfg = Release|Any CPU
		{9F79DAAD-A6AA-4FBE-9424-9A30519AACBB}.Release|x64.Build.0 = Release|Any CPU
		{9F79DAAD-A6AA-4FBE-9424-9A30519AACBB}.Release|x86.ActiveCfg = Release|Any CPU
		{9F79DAAD-A6AA-4FBE-9424-9A30519AACBB}.Release|x86.Build.0 = Release|Any CPU
		{7F69328C-19A5-4199-9505-281A7144EC8E}.Debug|Any CPU.ActiveCfg = Debug|Any CPU
		{7F69328C-19A5-4199-9505-281A7144EC8E}.Debug|Any CPU.Build.0 = Debug|Any CPU
		{7F69328C-19A5-4199-9505-281A7144EC8E}.Debug|x64.ActiveCfg = Debug|Any CPU
		{7F69328C-19A5-4199-9505-281A7144EC8E}.Debug|x64.Build.0 = Debug|Any CPU
		{7F69328C-19A5-4199-9505-281A7144EC8E}.Debug|x86.ActiveCfg = Debug|Any CPU
		{7F69328C-19A5-4199-9505-281A7144EC8E}.Debug|x86.Build.0 = Debug|Any CPU
		{7F69328C-19A5-4199-9505-281A7144EC8E}.Release|Any CPU.ActiveCfg = Release|Any CPU
		{7F69328C-19A5-4199-9505-281A7144EC8E}.Release|Any CPU.Build.0 = Release|Any CPU
		{7F69328C-19A5-4199-9505-281A7144EC8E}.Release|x64.ActiveCfg = Release|Any CPU
		{7F69328C-19A5-4199-9505-281A7144EC8E}.Release|x64.Build.0 = Release|Any CPU
		{7F69328C-19A5-4199-9505-281A7144EC8E}.Release|x86.ActiveCfg = Release|Any CPU
		{7F69328C-19A5-4199-9505-281A7144EC8E}.Release|x86.Build.0 = Release|Any CPU
		{79F010BD-D6A9-43E1-971D-9633DB24A4CA}.Debug|Any CPU.ActiveCfg = Debug|Any CPU
		{79F010BD-D6A9-43E1-971D-9633DB24A4CA}.Debug|Any CPU.Build.0 = Debug|Any CPU
		{79F010BD-D6A9-43E1-971D-9633DB24A4CA}.Debug|x64.ActiveCfg = Debug|Any CPU
		{79F010BD-D6A9-43E1-971D-9633DB24A4CA}.Debug|x64.Build.0 = Debug|Any CPU
		{79F010BD-D6A9-43E1-971D-9633DB24A4CA}.Debug|x86.ActiveCfg = Debug|Any CPU
		{79F010BD-D6A9-43E1-971D-9633DB24A4CA}.Debug|x86.Build.0 = Debug|Any CPU
		{79F010BD-D6A9-43E1-971D-9633DB24A4CA}.Release|Any CPU.ActiveCfg = Release|Any CPU
		{79F010BD-D6A9-43E1-971D-9633DB24A4CA}.Release|Any CPU.Build.0 = Release|Any CPU
		{79F010BD-D6A9-43E1-971D-9633DB24A4CA}.Release|x64.ActiveCfg = Release|Any CPU
		{79F010BD-D6A9-43E1-971D-9633DB24A4CA}.Release|x64.Build.0 = Release|Any CPU
		{79F010BD-D6A9-43E1-971D-9633DB24A4CA}.Release|x86.ActiveCfg = Release|Any CPU
		{79F010BD-D6A9-43E1-971D-9633DB24A4CA}.Release|x86.Build.0 = Release|Any CPU
		{3C6FF550-4AB5-42FE-882D-2485DCF2998B}.Debug|Any CPU.ActiveCfg = Debug|Any CPU
		{3C6FF550-4AB5-42FE-882D-2485DCF2998B}.Debug|Any CPU.Build.0 = Debug|Any CPU
		{3C6FF550-4AB5-42FE-882D-2485DCF2998B}.Debug|x64.ActiveCfg = Debug|Any CPU
		{3C6FF550-4AB5-42FE-882D-2485DCF2998B}.Debug|x64.Build.0 = Debug|Any CPU
		{3C6FF550-4AB5-42FE-882D-2485DCF2998B}.Debug|x86.ActiveCfg = Debug|Any CPU
		{3C6FF550-4AB5-42FE-882D-2485DCF2998B}.Debug|x86.Build.0 = Debug|Any CPU
		{3C6FF550-4AB5-42FE-882D-2485DCF2998B}.Release|Any CPU.ActiveCfg = Release|Any CPU
		{3C6FF550-4AB5-42FE-882D-2485DCF2998B}.Release|Any CPU.Build.0 = Release|Any CPU
		{3C6FF550-4AB5-42FE-882D-2485DCF2998B}.Release|x64.ActiveCfg = Release|Any CPU
		{3C6FF550-4AB5-42FE-882D-2485DCF2998B}.Release|x64.Build.0 = Release|Any CPU
		{3C6FF550-4AB5-42FE-882D-2485DCF2998B}.Release|x86.ActiveCfg = Release|Any CPU
		{3C6FF550-4AB5-42FE-882D-2485DCF2998B}.Release|x86.Build.0 = Release|Any CPU
		{1849D016-63A9-4192-9BB5-01C012D9047D}.Debug|Any CPU.ActiveCfg = Debug|Any CPU
		{1849D016-63A9-4192-9BB5-01C012D9047D}.Debug|Any CPU.Build.0 = Debug|Any CPU
		{1849D016-63A9-4192-9BB5-01C012D9047D}.Debug|x64.ActiveCfg = Debug|Any CPU
		{1849D016-63A9-4192-9BB5-01C012D9047D}.Debug|x64.Build.0 = Debug|Any CPU
		{1849D016-63A9-4192-9BB5-01C012D9047D}.Debug|x86.ActiveCfg = Debug|Any CPU
		{1849D016-63A9-4192-9BB5-01C012D9047D}.Debug|x86.Build.0 = Debug|Any CPU
		{1849D016-63A9-4192-9BB5-01C012D9047D}.Release|Any CPU.ActiveCfg = Release|Any CPU
		{1849D016-63A9-4192-9BB5-01C012D9047D}.Release|Any CPU.Build.0 = Release|Any CPU
		{1849D016-63A9-4192-9BB5-01C012D9047D}.Release|x64.ActiveCfg = Release|Any CPU
		{1849D016-63A9-4192-9BB5-01C012D9047D}.Release|x64.Build.0 = Release|Any CPU
		{1849D016-63A9-4192-9BB5-01C012D9047D}.Release|x86.ActiveCfg = Release|Any CPU
		{1849D016-63A9-4192-9BB5-01C012D9047D}.Release|x86.Build.0 = Release|Any CPU
	EndGlobalSection
	GlobalSection(SolutionProperties) = preSolution
		HideSolutionNode = FALSE
	EndGlobalSection
	GlobalSection(NestedProjects) = preSolution
		{608631AC-D268-4D48-B74F-0F85921D1AD0} = {827E0CD3-B72D-47B6-A68D-7590B98EB39B}
		{F27AA889-DEB7-428B-9496-9B54C0928021} = {827E0CD3-B72D-47B6-A68D-7590B98EB39B}
		{D85D562B-19A7-41C9-BF30-D4D4418BFAE6} = {827E0CD3-B72D-47B6-A68D-7590B98EB39B}
		{9F79DAAD-A6AA-4FBE-9424-9A30519AACBB} = {0AB3BF05-4346-4AA6-1389-037BE0695223}
		{7F69328C-19A5-4199-9505-281A7144EC8E} = {827E0CD3-B72D-47B6-A68D-7590B98EB39B}
		{79F010BD-D6A9-43E1-971D-9633DB24A4CA} = {827E0CD3-B72D-47B6-A68D-7590B98EB39B}
		{3C6FF550-4AB5-42FE-882D-2485DCF2998B} = {0AB3BF05-4346-4AA6-1389-037BE0695223}
		{1849D016-63A9-4192-9BB5-01C012D9047D} = {0AB3BF05-4346-4AA6-1389-037BE0695223}
	EndGlobalSection
EndGlobal
